
Microsoft Visual Studio Solution File, Format Version 12.00
# Visual Studio Version 17
VisualStudioVersion = 17.3.32901.215
MinimumVisualStudioVersion = 10.0.40219.1
Project("{FAE04EC0-301F-11D3-BF4B-00C04F79EFBC}") = "PotholeSystem", "PotholeSystem\PotholeSystem.csproj", "{5FC8F005-BC3A-4BD0-B110-0BAE4D3C106B}"
EndProject
Global
	GlobalSection(SolutionConfigurationPlatforms) = preSolution
		Debug|Any CPU = Debug|Any CPU
		Release|Any CPU = Release|Any CPU
	EndGlobalSection
	GlobalSection(ProjectConfigurationPlatforms) = postSolution
		{5FC8F005-BC3A-4BD0-B110-0BAE4D3C106B}.Debug|Any CPU.ActiveCfg = Debug|Any CPU
		{5FC8F005-BC3A-4BD0-B110-0BAE4D3C106B}.Debug|Any CPU.Build.0 = Debug|Any CPU
		{5FC8F005-BC3A-4BD0-B110-0BAE4D3C106B}.Release|Any CPU.ActiveCfg = Release|Any CPU
		{5FC8F005-BC3A-4BD0-B110-0BAE4D3C106B}.Release|Any CPU.Build.0 = Release|Any CPU
	EndGlobalSection
	GlobalSection(SolutionProperties) = preSolution
		HideSolutionNode = FALSE
	EndGlobalSection
	GlobalSection(ExtensibilityGlobals) = postSolution
		SolutionGuid = {367557BD-5F4A-4290-802C-8C7D7675F374}
	EndGlobalSection
EndGlobal
